
Microsoft Visual Studio Solution File, Format Version 12.00
# Visual Studio 15
VisualStudioVersion = 15.0.28307.168
MinimumVisualStudioVersion = 10.0.40219.1
Project("{FAE04EC0-301F-11D3-BF4B-00C04F79EFBC}") = "Gmex.API", "Gmex.API\Gmex.API.csproj", "{0F59F846-D2B8-49D6-8637-B174C97F78E5}"
EndProject
Project("{FAE04EC0-301F-11D3-BF4B-00C04F79EFBC}") = "Demo1", "Demo1\Demo1.csproj", "{D761D0B8-FCF5-48C2-89FA-00C817C08E69}"
	ProjectSection(ProjectDependencies) = postProject
		{0F59F846-D2B8-49D6-8637-B174C97F78E5} = {0F59F846-D2B8-49D6-8637-B174C97F78E5}
	EndProjectSection
EndProject
Global
	GlobalSection(SolutionConfigurationPlatforms) = preSolution
		Debug|Any CPU = Debug|Any CPU
		Release|Any CPU = Release|Any CPU
	EndGlobalSection
	GlobalSection(ProjectConfigurationPlatforms) = postSolution
		{0F59F846-D2B8-49D6-8637-B174C97F78E5}.Debug|Any CPU.ActiveCfg = Debug|Any CPU
		{0F59F846-D2B8-49D6-8637-B174C97F78E5}.Debug|Any CPU.Build.0 = Debug|Any CPU
		{0F59F846-D2B8-49D6-8637-B174C97F78E5}.Release|Any CPU.ActiveCfg = Release|Any CPU
		{0F59F846-D2B8-49D6-8637-B174C97F78E5}.Release|Any CPU.Build.0 = Release|Any CPU
		{D761D0B8-FCF5-48C2-89FA-00C817C08E69}.Debug|Any CPU.ActiveCfg = Debug|Any CPU
		{D761D0B8-FCF5-48C2-89FA-00C817C08E69}.Debug|Any CPU.Build.0 = Debug|Any CPU
		{D761D0B8-FCF5-48C2-89FA-00C817C08E69}.Release|Any CPU.ActiveCfg = Release|Any CPU
		{D761D0B8-FCF5-48C2-89FA-00C817C08E69}.Release|Any CPU.Build.0 = Release|Any CPU
	EndGlobalSection
	GlobalSection(SolutionProperties) = preSolution
		HideSolutionNode = FALSE
	EndGlobalSection
	GlobalSection(ExtensibilityGlobals) = postSolution
		SolutionGuid = {E9600CE8-7591-462D-BB3F-BE9303D47E37}
	EndGlobalSection
EndGlobal
